
Microsoft Visual Studio Solution File, Format Version 12.00
# Visual Studio Version 16
VisualStudioVersion = 16.0.30114.105
MinimumVisualStudioVersion = 10.0.40219.1
Project("{FAE04EC0-301F-11D3-BF4B-00C04F79EFBC}") = "CaptureEncoder", "CaptureEncoder\CaptureEncoder.csproj", "{7FFCAEB5-D8BA-49F4-B89F-7033E7A01447}"
EndProject
Project("{FAE04EC0-301F-11D3-BF4B-00C04F79EFBC}") = "FluentScreenRecorder", "FluentScreenRecorder\FluentScreenRecorder.csproj", "{4BA5485A-9122-404C-8FE3-15A8A0E31E40}"
EndProject
Project("{FAE04EC0-301F-11D3-BF4B-00C04F79EFBC}") = "GlobalShortcut", "GlobalShortcut\GlobalShortcut.csproj", "{649BC91C-BA94-4A14-B1A2-7D684488D892}"
EndProject
Project("{C7167F0D-BC9F-4E6E-AFE1-012C56B48DB5}") = "Package", "Package\Package.wapproj", "{87E7900D-50F4-45E7-9844-AD3250FE816A}"
EndProject
Global
	GlobalSection(SolutionConfigurationPlatforms) = preSolution
		Debug|Any CPU = Debug|Any CPU
		Debug|ARM = Debug|ARM
		Debug|ARM64 = Debug|ARM64
		Debug|x64 = Debug|x64
		Debug|x86 = Debug|x86
		Release|Any CPU = Release|Any CPU
		Release|ARM = Release|ARM
		Release|ARM64 = Release|ARM64
		Release|x64 = Release|x64
		Release|x86 = Release|x86
	EndGlobalSection
	GlobalSection(ProjectConfigurationPlatforms) = postSolution
		{7FFCAEB5-D8BA-49F4-B89F-7033E7A01447}.Debug|Any CPU.ActiveCfg = Debug|Any CPU
		{7FFCAEB5-D8BA-49F4-B89F-7033E7A01447}.Debug|Any CPU.Build.0 = Debug|Any CPU
		{7FFCAEB5-D8BA-49F4-B89F-7033E7A01447}.Debug|ARM.ActiveCfg = Debug|ARM
		{7FFCAEB5-D8BA-49F4-B89F-7033E7A01447}.Debug|ARM.Build.0 = Debug|ARM
		{7FFCAEB5-D8BA-49F4-B89F-7033E7A01447}.Debug|ARM64.ActiveCfg = Debug|ARM64
		{7FFCAEB5-D8BA-49F4-B89F-7033E7A01447}.Debug|ARM64.Build.0 = Debug|ARM64
		{7FFCAEB5-D8BA-49F4-B89F-7033E7A01447}.Debug|x64.ActiveCfg = Debug|x64
		{7FFCAEB5-D8BA-49F4-B89F-7033E7A01447}.Debug|x64.Build.0 = Debug|x64
		{7FFCAEB5-D8BA-49F4-B89F-7033E7A01447}.Debug|x86.ActiveCfg = Debug|x86
		{7FFCAEB5-D8BA-49F4-B89F-7033E7A01447}.Debug|x86.Build.0 = Debug|x86
		{7FFCAEB5-D8BA-49F4-B89F-7033E7A01447}.Release|Any CPU.ActiveCfg = Release|Any CPU
		{7FFCAEB5-D8BA-49F4-B89F-7033E7A01447}.Release|Any CPU.Build.0 = Release|Any CPU
		{7FFCAEB5-D8BA-49F4-B89F-7033E7A01447}.Release|ARM.ActiveCfg = Release|ARM
		{7FFCAEB5-D8BA-49F4-B89F-7033E7A01447}.Release|ARM.Build.0 = Release|ARM
		{7FFCAEB5-D8BA-49F4-B89F-7033E7A01447}.Release|ARM64.ActiveCfg = Release|ARM64
		{7FFCAEB5-D8BA-49F4-B89F-7033E7A01447}.Release|ARM64.Build.0 = Release|ARM64
		{7FFCAEB5-D8BA-49F4-B89F-7033E7A01447}.Release|x64.ActiveCfg = Release|x64
		{7FFCAEB5-D8BA-49F4-B89F-7033E7A01447}.Release|x64.Build.0 = Release|x64
		{7FFCAEB5-D8BA-49F4-B89F-7033E7A01447}.Release|x86.ActiveCfg = Release|x86
		{7FFCAEB5-D8BA-49F4-B89F-7033E7A01447}.Release|x86.Build.0 = Release|x86
		{4BA5485A-9122-404C-8FE3-15A8A0E31E40}.Debug|Any CPU.ActiveCfg = Debug|x86
		{4BA5485A-9122-404C-8FE3-15A8A0E31E40}.Debug|ARM.ActiveCfg = Debug|ARM
		{4BA5485A-9122-404C-8FE3-15A8A0E31E40}.Debug|ARM.Build.0 = Debug|ARM
		{4BA5485A-9122-404C-8FE3-15A8A0E31E40}.Debug|ARM.Deploy.0 = Debug|ARM
		{4BA5485A-9122-404C-8FE3-15A8A0E31E40}.Debug|ARM64.ActiveCfg = Debug|ARM64
		{4BA5485A-9122-404C-8FE3-15A8A0E31E40}.Debug|ARM64.Build.0 = Debug|ARM64
		{4BA5485A-9122-404C-8FE3-15A8A0E31E40}.Debug|ARM64.Deploy.0 = Debug|ARM64
		{4BA5485A-9122-404C-8FE3-15A8A0E31E40}.Debug|x64.ActiveCfg = Debug|x64
		{4BA5485A-9122-404C-8FE3-15A8A0E31E40}.Debug|x64.Build.0 = Debug|x64
		{4BA5485A-9122-404C-8FE3-15A8A0E31E40}.Debug|x64.Deploy.0 = Debug|x64
		{4BA5485A-9122-404C-8FE3-15A8A0E31E40}.Debug|x86.ActiveCfg = Debug|x86
		{4BA5485A-9122-404C-8FE3-15A8A0E31E40}.Debug|x86.Build.0 = Debug|x86
		{4BA5485A-9122-404C-8FE3-15A8A0E31E40}.Debug|x86.Deploy.0 = Debug|x86
		{4BA5485A-9122-404C-8FE3-15A8A0E31E40}.Release|Any CPU.ActiveCfg = Release|x86
		{4BA5485A-9122-404C-8FE3-15A8A0E31E40}.Release|ARM.ActiveCfg = Release|ARM
		{4BA5485A-9122-404C-8FE3-15A8A0E31E40}.Release|ARM.Build.0 = Release|ARM
		{4BA5485A-9122-404C-8FE3-15A8A0E31E40}.Release|ARM.Deploy.0 = Release|ARM
		{4BA5485A-9122-404C-8FE3-15A8A0E31E40}.Release|ARM64.ActiveCfg = Release|ARM64
		{4BA5485A-9122-404C-8FE3-15A8A0E31E40}.Release|ARM64.Build.0 = Release|ARM64
		{4BA5485A-9122-404C-8FE3-15A8A0E31E40}.Release|ARM64.Deploy.0 = Release|ARM64
		{4BA5485A-9122-404C-8FE3-15A8A0E31E40}.Release|x64.ActiveCfg = Release|x64
		{4BA5485A-9122-404C-8FE3-15A8A0E31E40}.Release|x64.Build.0 = Release|x64
		{4BA5485A-9122-404C-8FE3-15A8A0E31E40}.Release|x64.Deploy.0 = Release|x64
		{4BA5485A-9122-404C-8FE3-15A8A0E31E40}.Release|x86.ActiveCfg = Release|x86
		{4BA5485A-9122-404C-8FE3-15A8A0E31E40}.Release|x86.Build.0 = Release|x86
		{4BA5485A-9122-404C-8FE3-15A8A0E31E40}.Release|x86.Deploy.0 = Release|x86
		{649BC91C-BA94-4A14-B1A2-7D684488D892}.Debug|Any CPU.ActiveCfg = Debug|Any CPU
		{649BC91C-BA94-4A14-B1A2-7D684488D892}.Debug|Any CPU.Build.0 = Debug|Any CPU
		{649BC91C-BA94-4A14-B1A2-7D684488D892}.Debug|ARM.ActiveCfg = Debug|Any CPU
		{649BC91C-BA94-4A14-B1A2-7D684488D892}.Debug|ARM.Build.0 = Debug|Any CPU
		{649BC91C-BA94-4A14-B1A2-7D684488D892}.Debug|ARM64.ActiveCfg = Debug|Any CPU
		{649BC91C-BA94-4A14-B1A2-7D684488D892}.Debug|ARM64.Build.0 = Debug|Any CPU
		{649BC91C-BA94-4A14-B1A2-7D684488D892}.Debug|x64.ActiveCfg = Debug|Any CPU
		{649BC91C-BA94-4A14-B1A2-7D684488D892}.Debug|x64.Build.0 = Debug|Any CPU
		{649BC91C-BA94-4A14-B1A2-7D684488D892}.Debug|x86.ActiveCfg = Debug|Any CPU
		{649BC91C-BA94-4A14-B1A2-7D684488D892}.Debug|x86.Build.0 = Debug|Any CPU
		{649BC91C-BA94-4A14-B1A2-7D684488D892}.Release|Any CPU.ActiveCfg = Release|Any CPU
		{649BC91C-BA94-4A14-B1A2-7D684488D892}.Release|Any CPU.Build.0 = Release|Any CPU
		{649BC91C-BA94-4A14-B1A2-7D684488D892}.Release|ARM.ActiveCfg = Release|Any CPU
		{649BC91C-BA94-4A14-B1A2-7D684488D892}.Release|ARM.Build.0 = Release|Any CPU
		{649BC91C-BA94-4A14-B1A2-7D684488D892}.Release|ARM64.ActiveCfg = Release|Any CPU
		{649BC91C-BA94-4A14-B1A2-7D684488D892}.Release|ARM64.Build.0 = Release|Any CPU
		{649BC91C-BA94-4A14-B1A2-7D684488D892}.Release|x64.ActiveCfg = Release|Any CPU
		{649BC91C-BA94-4A14-B1A2-7D684488D892}.Release|x64.Build.0 = Release|Any CPU
		{649BC91C-BA94-4A14-B1A2-7D684488D892}.Release|x86.ActiveCfg = Release|Any CPU
		{649BC91C-BA94-4A14-B1A2-7D684488D892}.Release|x86.Build.0 = Release|Any CPU
		{87E7900D-50F4-45E7-9844-AD3250FE816A}.Debug|Any CPU.ActiveCfg = Debug|Any CPU
		{87E7900D-50F4-45E7-9844-AD3250FE816A}.Debug|Any CPU.Build.0 = Debug|Any CPU
		{87E7900D-50F4-45E7-9844-AD3250FE816A}.Debug|Any CPU.Deploy.0 = Debug|Any CPU
		{87E7900D-50F4-45E7-9844-AD3250FE816A}.Debug|ARM.ActiveCfg = Debug|ARM
		{87E7900D-50F4-45E7-9844-AD3250FE816A}.Debug|ARM.Build.0 = Debug|ARM
		{87E7900D-50F4-45E7-9844-AD3250FE816A}.Debug|ARM.Deploy.0 = Debug|ARM
		{87E7900D-50F4-45E7-9844-AD3250FE816A}.Debug|ARM64.ActiveCfg = Debug|ARM64
		{87E7900D-50F4-45E7-9844-AD3250FE816A}.Debug|ARM64.Build.0 = Debug|ARM64
		{87E7900D-50F4-45E7-9844-AD3250FE816A}.Debug|ARM64.Deploy.0 = Debug|ARM64
		{87E7900D-50F4-45E7-9844-AD3250FE816A}.Debug|x64.ActiveCfg = Debug|x64
		{87E7900D-50F4-45E7-9844-AD3250FE816A}.Debug|x64.Build.0 = Debug|x64
		{87E7900D-50F4-45E7-9844-AD3250FE816A}.Debug|x64.Deploy.0 = Debug|x64
		{87E7900D-50F4-45E7-9844-AD3250FE816A}.Debug|x86.ActiveCfg = Debug|x86
		{87E7900D-50F4-45E7-9844-AD3250FE816A}.Debug|x86.Build.0 = Debug|x86
		{87E7900D-50F4-45E7-9844-AD3250FE816A}.Debug|x86.Deploy.0 = Debug|x86
		{87E7900D-50F4-45E7-9844-AD3250FE816A}.Release|Any CPU.ActiveCfg = Release|Any CPU
		{87E7900D-50F4-45E7-9844-AD3250FE816A}.Release|Any CPU.Build.0 = Release|Any CPU
		{87E7900D-50F4-45E7-9844-AD3250FE816A}.Release|Any CPU.Deploy.0 = Release|Any CPU
		{87E7900D-50F4-45E7-9844-AD3250FE816A}.Release|ARM.ActiveCfg = Release|ARM
		{87E7900D-50F4-45E7-9844-AD3250FE816A}.Release|ARM.Build.0 = Release|ARM
		{87E7900D-50F4-45E7-9844-AD3250FE816A}.Release|ARM.Deploy.0 = Release|ARM
		{87E7900D-50F4-45E7-9844-AD3250FE816A}.Release|ARM64.ActiveCfg = Release|ARM64
		{87E7900D-50F4-45E7-9844-AD3250FE816A}.Release|ARM64.Build.0 = Release|ARM64
		{87E7900D-50F4-45E7-9844-AD3250FE816A}.Release|ARM64.Deploy.0 = Release|ARM64
		{87E7900D-50F4-45E7-9844-AD3250FE816A}.Release|x64.ActiveCfg = Release|x64
		{87E7900D-50F4-45E7-9844-AD3250FE816A}.Release|x64.Build.0 = Release|x64
		{87E7900D-50F4-45E7-9844-AD3250FE816A}.Release|x64.Deploy.0 = Release|x64
		{87E7900D-50F4-45E7-9844-AD3250FE816A}.Release|x86.ActiveCfg = Release|x86
		{87E7900D-50F4-45E7-9844-AD3250FE816A}.Release|x86.Build.0 = Release|x86
		{87E7900D-50F4-45E7-9844-AD3250FE816A}.Release|x86.Deploy.0 = Release|x86
	EndGlobalSection
	GlobalSection(SolutionProperties) = preSolution
		HideSolutionNode = FALSE
	EndGlobalSection
	GlobalSection(ExtensibilityGlobals) = postSolution
		SolutionGuid = {148E0D38-5A53-4300-A035-CC4231108226}
	EndGlobalSection
EndGlobal
